
Microsoft Visual Studio Solution File, Format Version 12.00
# Visual Studio Version 16
VisualStudioVersion = 16.0.30907.101
MinimumVisualStudioVersion = 10.0.40219.1
Project("{8BC9CEB8-8B4A-11D0-8D11-00A0C91BC942}") = "mysqlpp", "mysqlpp.vcxproj", "{336BF47C-E485-4DCB-8D47-BCE1B3184AE4}"
EndProject
Global
	GlobalSection(SolutionConfigurationPlatforms) = preSolution
		Debug|x64 = Debug|x64
		Debug|x86 = Debug|x86
		Release|x64 = Release|x64
		Release|x86 = Release|x86
	EndGlobalSection
	GlobalSection(ProjectConfigurationPlatforms) = postSolution
		{336BF47C-E485-4DCB-8D47-BCE1B3184AE4}.Debug|x64.ActiveCfg = Debug|x64
		{336BF47C-E485-4DCB-8D47-BCE1B3184AE4}.Debug|x64.Build.0 = Debug|x64
		{336BF47C-E485-4DCB-8D47-BCE1B3184AE4}.Debug|x86.ActiveCfg = Debug|Win32
		{336BF47C-E485-4DCB-8D47-BCE1B3184AE4}.Debug|x86.Build.0 = Debug|Win32
		{336BF47C-E485-4DCB-8D47-BCE1B3184AE4}.Release|x64.ActiveCfg = Release|x64
		{336BF47C-E485-4DCB-8D47-BCE1B3184AE4}.Release|x64.Build.0 = Release|x64
		{336BF47C-E485-4DCB-8D47-BCE1B3184AE4}.Release|x86.ActiveCfg = Release|Win32
		{336BF47C-E485-4DCB-8D47-BCE1B3184AE4}.Release|x86.Build.0 = Release|Win32
	EndGlobalSection
	GlobalSection(SolutionProperties) = preSolution
		HideSolutionNode = FALSE
	EndGlobalSection
	GlobalSection(ExtensibilityGlobals) = postSolution
		SolutionGuid = {1B3685D3-FAC2-46A3-9A76-F8A29954BF7E}
	EndGlobalSection
EndGlobal
